<?xml version="1.0" encoding="UTF-8" standalone="yes" ?>
<CodeBlocks_project_file>
	<FileVersion major="1" minor="6" />
	<Project>
		<Option title="Budzet_osobsty" />
		<Option pch_mode="2" />
		<Option compiler="gcc" />
		<Build>
			<Target title="Debug">
				<Option output="bin/Debug/Budzet_osobsty" prefix_auto="1" extension_auto="1" />
				<Option object_output="obj/Debug/" />
				<Option type="1" />
				<Option compiler="gcc" />
				<Compiler>
					<Add option="-g" />
				</Compiler>
			</Target>
			<Target title="Release">
				<Option output="bin/Release/Budzet_osobsty" prefix_auto="1" extension_auto="1" />
				<Option object_output="obj/Release/" />
				<Option type="1" />
				<Option compiler="gcc" />
				<Compiler>
					<Add option="-O2" />
				</Compiler>
				<Linker>
					<Add option="-s" />
				</Linker>
			</Target>
		</Build>
		<Compiler>
			<Add option="-Wall" />
			<Add option="-fexceptions" />
		</Compiler>
		<Unit filename="BudzetOsobistyManager.cpp" />
		<Unit filename="BudzetOsobistyManager.h" />
		<Unit filename="Finanse.cpp" />
		<Unit filename="Finanse.h" />
		<Unit filename="FinanseMenager.cpp" />
		<Unit filename="FinanseMenager.h" />
		<Unit filename="Markup.cpp" />
		<Unit filename="Markup.h" />
		<Unit filename="MetodyPomocnicze.cpp" />
		<Unit filename="MetodyPomocnicze.h" />
		<Unit filename="PlikTekstowy.cpp" />
		<Unit filename="PlikTekstowy.h" />
		<Unit filename="PlikZPrzychodami.cpp" />
		<Unit filename="PlikZPrzychodami.h" />
		<Unit filename="PlikZUzytkownikami.cpp" />
		<Unit filename="PlikZUzytkownikami.h" />
		<Unit filename="PlikZWydatkami.cpp" />
		<Unit filename="PlikZWydatkami.h" />
		<Unit filename="Przychody.cpp" />
		<Unit filename="Przychody.h" />
		<Unit filename="UzytkonikMenager.cpp" />
		<Unit filename="UzytkonikMenager.h" />
		<Unit filename="Uzytkownik.cpp" />
		<Unit filename="Uzytkownik.h" />
		<Unit filename="Wydatki.cpp" />
		<Unit filename="Wydatki.h" />
		<Unit filename="main.cpp" />
		<Extensions>
			<lib_finder disable_auto="1" />
		</Extensions>
	</Project>
</CodeBlocks_project_file>
